
Microsoft Visual Studio Solution File, Format Version 12.00
# Visual Studio Version 17
VisualStudioVersion = 17.14.36408.4 d17.14
MinimumVisualStudioVersion = 10.0.40219.1
Project("{FAE04EC0-301F-11D3-BF4B-00C04F79EFBC}") = "Mid_AGA_Group3", "Mid_AGA_Group3\Mid_AGA_Group3.csproj", "{15D5F8F1-D4B0-442A-8347-8D8A49FFAD7E}"
EndProject
Global
	GlobalSection(SolutionConfigurationPlatforms) = preSolution
		Debug|Any CPU = Debug|Any CPU
		Release|Any CPU = Release|Any CPU
	EndGlobalSection
	GlobalSection(ProjectConfigurationPlatforms) = postSolution
		{15D5F8F1-D4B0-442A-8347-8D8A49FFAD7E}.Debug|Any CPU.ActiveCfg = Debug|Any CPU
		{15D5F8F1-D4B0-442A-8347-8D8A49FFAD7E}.Debug|Any CPU.Build.0 = Debug|Any CPU
		{15D5F8F1-D4B0-442A-8347-8D8A49FFAD7E}.Release|Any CPU.ActiveCfg = Release|Any CPU
		{15D5F8F1-D4B0-442A-8347-8D8A49FFAD7E}.Release|Any CPU.Build.0 = Release|Any CPU
	EndGlobalSection
	GlobalSection(SolutionProperties) = preSolution
		HideSolutionNode = FALSE
	EndGlobalSection
	GlobalSection(ExtensibilityGlobals) = postSolution
		SolutionGuid = {56F3AA1A-A88A-4562-A5D2-5F94B10D479D}
	EndGlobalSection
EndGlobal
